
Microsoft Visual Studio Solution File, Format Version 12.00
# Visual Studio Version 16
VisualStudioVersion = 16.0.29709.97
MinimumVisualStudioVersion = 10.0.40219.1
Project("{FAE04EC0-301F-11D3-BF4B-00C04F79EFBC}") = "SamplePOC.MVC", "SamplePOC.MVC\SamplePOC.MVC.csproj", "{ECF24E4E-13F8-4812-83B0-149C2EAA2EB6}"
EndProject
Global
	GlobalSection(SolutionConfigurationPlatforms) = preSolution
		Debug|Any CPU = Debug|Any CPU
		Release|Any CPU = Release|Any CPU
	EndGlobalSection
	GlobalSection(ProjectConfigurationPlatforms) = postSolution
		{ECF24E4E-13F8-4812-83B0-149C2EAA2EB6}.Debug|Any CPU.ActiveCfg = Debug|Any CPU
		{ECF24E4E-13F8-4812-83B0-149C2EAA2EB6}.Debug|Any CPU.Build.0 = Debug|Any CPU
		{ECF24E4E-13F8-4812-83B0-149C2EAA2EB6}.Release|Any CPU.ActiveCfg = Release|Any CPU
		{ECF24E4E-13F8-4812-83B0-149C2EAA2EB6}.Release|Any CPU.Build.0 = Release|Any CPU
	EndGlobalSection
	GlobalSection(SolutionProperties) = preSolution
		HideSolutionNode = FALSE
	EndGlobalSection
	GlobalSection(ExtensibilityGlobals) = postSolution
		SolutionGuid = {FEBE8F44-0942-46A4-BC5A-EFD421DCDE11}
	EndGlobalSection
EndGlobal
